// !$*UTF8*$!
{
	archiveVersion = 1;
	classes = {
	};
	objectVersion = 50;
	objects = {

/* Begin PBXBuildFile section */
		D04D497623E0A90B00C8510C /* Meta_terminal.icns in Resources */ = {isa = PBXBuildFile; fileRef = D04D497423E0A90B00C8510C /* Meta_terminal.icns */; };
		D059372D23E29BBB00B530B0 /* PlotChart.swift in Sources */ = {isa = PBXBuildFile; fileRef = D059372C23E29BBB00B530B0 /* PlotChart.swift */; };
		D069648423E029D600D2E39B /* AppDelegate.swift in Sources */ = {isa = PBXBuildFile; fileRef = D069648323E029D600D2E39B /* AppDelegate.swift */; };
		D069648623E029D600D2E39B /* Assets.xcassets in Resources */ = {isa = PBXBuildFile; fileRef = D069648523E029D600D2E39B /* Assets.xcassets */; };
		D069648923E029D600D2E39B /* MainMenu.xib in Resources */ = {isa = PBXBuildFile; fileRef = D069648723E029D600D2E39B /* MainMenu.xib */; };
		D069649C23E02FAC00D2E39B /* Icon-chassis.png in Resources */ = {isa = PBXBuildFile; fileRef = D069649923E02FAC00D2E39B /* Icon-chassis.png */; };
		D069649D23E02FAC00D2E39B /* Icon-Gimbal.png in Resources */ = {isa = PBXBuildFile; fileRef = D069649A23E02FAC00D2E39B /* Icon-Gimbal.png */; };
		D069649E23E02FAC00D2E39B /* Icon-Terminal.tiff in Resources */ = {isa = PBXBuildFile; fileRef = D069649B23E02FAC00D2E39B /* Icon-Terminal.tiff */; };
		D06964AD23E041EF00D2E39B /* ORSSerial.framework in Frameworks */ = {isa = PBXBuildFile; fileRef = D06964A723E041DF00D2E39B /* ORSSerial.framework */; };
		D0AE298123E0AF960087CA92 /* ScreenShots-TerminalView.png in Resources */ = {isa = PBXBuildFile; fileRef = D0AE298023E0AF960087CA92 /* ScreenShots-TerminalView.png */; };
		D0AE298323E0AFA30087CA92 /* ScreenShots-PortSelector.png in Resources */ = {isa = PBXBuildFile; fileRef = D0AE298223E0AFA30087CA92 /* ScreenShots-PortSelector.png */; };
		D0D10E7C23E54CD900BCD73A /* GimbalTargetTableView.swift in Sources */ = {isa = PBXBuildFile; fileRef = D0D10E7B23E54CD900BCD73A /* GimbalTargetTableView.swift */; };
		D0FAB60523E5F98E00A985AA /* PIDnEvaluateTableView.swift in Sources */ = {isa = PBXBuildFile; fileRef = D0FAB60423E5F98E00A985AA /* PIDnEvaluateTableView.swift */; };
/* End PBXBuildFile section */

/* Begin PBXContainerItemProxy section */
		D06964A623E041DF00D2E39B /* PBXContainerItemProxy */ = {
			isa = PBXContainerItemProxy;
			containerPortal = D06964A123E041DF00D2E39B /* ORSSerialPort.xcodeproj */;
			proxyType = 2;
			remoteGlobalIDString = 9DCA89121A2BB106009285EB;
			remoteInfo = ORSSerial;
		};
		D06964A823E041DF00D2E39B /* PBXContainerItemProxy */ = {
			isa = PBXContainerItemProxy;
			containerPortal = D06964A123E041DF00D2E39B /* ORSSerialPort.xcodeproj */;
			proxyType = 2;
			remoteGlobalIDString = 9D7472131B6D7767002D8B10;
			remoteInfo = "ORSSerialPort Tests";
		};
		D06964AA23E041E900D2E39B /* PBXContainerItemProxy */ = {
			isa = PBXContainerItemProxy;
			containerPortal = D06964A123E041DF00D2E39B /* ORSSerialPort.xcodeproj */;
			proxyType = 1;
			remoteGlobalIDString = 9DCA89111A2BB106009285EB;
			remoteInfo = ORSSerial;
		};
/* End PBXContainerItemProxy section */

/* Begin PBXFileReference section */
		D04D497423E0A90B00C8510C /* Meta_terminal.icns */ = {isa = PBXFileReference; lastKnownFileType = image.icns; path = Meta_terminal.icns; sourceTree = "<group>"; };
		D059372C23E29BBB00B530B0 /* PlotChart.swift */ = {isa = PBXFileReference; lastKnownFileType = sourcecode.swift; path = PlotChart.swift; sourceTree = "<group>"; };
		D06140C323E09DDA0080F592 /* README.md */ = {isa = PBXFileReference; lastKnownFileType = net.daringfireball.markdown; path = README.md; sourceTree = "<group>"; };
		D069648023E029D600D2E39B /* Terminal.app */ = {isa = PBXFileReference; explicitFileType = wrapper.application; includeInIndex = 0; path = Terminal.app; sourceTree = BUILT_PRODUCTS_DIR; };
		D069648323E029D600D2E39B /* AppDelegate.swift */ = {isa = PBXFileReference; lastKnownFileType = sourcecode.swift; path = AppDelegate.swift; sourceTree = "<group>"; };
		D069648523E029D600D2E39B /* Assets.xcassets */ = {isa = PBXFileReference; lastKnownFileType = folder.assetcatalog; path = Assets.xcassets; sourceTree = "<group>"; };
		D069648823E029D600D2E39B /* Base */ = {isa = PBXFileReference; lastKnownFileType = file.xib; name = Base; path = Base.lproj/MainMenu.xib; sourceTree = "<group>"; };
		D069648A23E029D600D2E39B /* Info.plist */ = {isa = PBXFileReference; lastKnownFileType = text.plist.xml; path = Info.plist; sourceTree = "<group>"; };
		D069648B23E029D600D2E39B /* Terminal.entitlements */ = {isa = PBXFileReference; lastKnownFileType = text.plist.entitlements; path = Terminal.entitlements; sourceTree = "<group>"; };
		D069649923E02FAC00D2E39B /* Icon-chassis.png */ = {isa = PBXFileReference; lastKnownFileType = image.png; path = "Icon-chassis.png"; sourceTree = "<group>"; };
		D069649A23E02FAC00D2E39B /* Icon-Gimbal.png */ = {isa = PBXFileReference; lastKnownFileType = image.png; path = "Icon-Gimbal.png"; sourceTree = "<group>"; };
		D069649B23E02FAC00D2E39B /* Icon-Terminal.tiff */ = {isa = PBXFileReference; lastKnownFileType = image.tiff; path = "Icon-Terminal.tiff"; sourceTree = "<group>"; };
		D06964A123E041DF00D2E39B /* ORSSerialPort.xcodeproj */ = {isa = PBXFileReference; lastKnownFileType = "wrapper.pb-project"; name = ORSSerialPort.xcodeproj; path = "Frameworks/ORSSerialPort/Framework Project/ORSSerialPort.xcodeproj"; sourceTree = SOURCE_ROOT; };
		D06A8FE823E4054B00232FE4 /* ScreenShots-PlotViews.png */ = {isa = PBXFileReference; lastKnownFileType = image.png; path = "ScreenShots-PlotViews.png"; sourceTree = "<group>"; };
		D0AE298023E0AF960087CA92 /* ScreenShots-TerminalView.png */ = {isa = PBXFileReference; lastKnownFileType = image.png; path = "ScreenShots-TerminalView.png"; sourceTree = "<group>"; };
		D0AE298223E0AFA30087CA92 /* ScreenShots-PortSelector.png */ = {isa = PBXFileReference; lastKnownFileType = image.png; path = "ScreenShots-PortSelector.png"; sourceTree = "<group>"; };
		D0D10E7B23E54CD900BCD73A /* GimbalTargetTableView.swift */ = {isa = PBXFileReference; lastKnownFileType = sourcecode.swift; path = GimbalTargetTableView.swift; sourceTree = "<group>"; };
		D0FAB60423E5F98E00A985AA /* PIDnEvaluateTableView.swift */ = {isa = PBXFileReference; lastKnownFileType = sourcecode.swift; path = PIDnEvaluateTableView.swift; sourceTree = "<group>"; };
/* End PBXFileReference section */

/* Begin PBXFrameworksBuildPhase section */
		D069647D23E029D600D2E39B /* Frameworks */ = {
			isa = PBXFrameworksBuildPhase;
			buildActionMask = 2147483647;
			files = (
				D06964AD23E041EF00D2E39B /* ORSSerial.framework in Frameworks */,
			);
			runOnlyForDeploymentPostprocessing = 0;
		};
/* End PBXFrameworksBuildPhase section */

/* Begin PBXGroup section */
		D069647723E029D600D2E39B = {
			isa = PBXGroup;
			children = (
				D0AE297C23E0AEAF0087CA92 /* ScreenShots */,
				D06140C323E09DDA0080F592 /* README.md */,
				D069648223E029D600D2E39B /* Terminal */,
				D069648123E029D600D2E39B /* Products */,
				D06964AC23E041EF00D2E39B /* Frameworks */,
			);
			sourceTree = "<group>";
		};
		D069648123E029D600D2E39B /* Products */ = {
			isa = PBXGroup;
			children = (
				D069648023E029D600D2E39B /* Terminal.app */,
			);
			name = Products;
			sourceTree = "<group>";
		};
		D069648223E029D600D2E39B /* Terminal */ = {
			isa = PBXGroup;
			children = (
				D04D497423E0A90B00C8510C /* Meta_terminal.icns */,
				D06964A123E041DF00D2E39B /* ORSSerialPort.xcodeproj */,
				D069648323E029D600D2E39B /* AppDelegate.swift */,
				D069648523E029D600D2E39B /* Assets.xcassets */,
				D069648723E029D600D2E39B /* MainMenu.xib */,
				D0D10E7B23E54CD900BCD73A /* GimbalTargetTableView.swift */,
				D0FAB60423E5F98E00A985AA /* PIDnEvaluateTableView.swift */,
				D069649923E02FAC00D2E39B /* Icon-chassis.png */,
				D069649A23E02FAC00D2E39B /* Icon-Gimbal.png */,
				D069649B23E02FAC00D2E39B /* Icon-Terminal.tiff */,
				D069648A23E029D600D2E39B /* Info.plist */,
				D069648B23E029D600D2E39B /* Terminal.entitlements */,
				D059372C23E29BBB00B530B0 /* PlotChart.swift */,
			);
			path = Terminal;
			sourceTree = "<group>";
		};
		D06964A223E041DF00D2E39B /* Products */ = {
			isa = PBXGroup;
			children = (
				D06964A723E041DF00D2E39B /* ORSSerial.framework */,
				D06964A923E041DF00D2E39B /* ORSSerialPort Tests.xctest */,
			);
			name = Products;
			sourceTree = "<group>";
		};
		D06964AC23E041EF00D2E39B /* Frameworks */ = {
			isa = PBXGroup;
			children = (
			);
			name = Frameworks;
			sourceTree = "<group>";
		};
		D0AE297C23E0AEAF0087CA92 /* ScreenShots */ = {
			isa = PBXGroup;
			children = (
				D0AE298023E0AF960087CA92 /* ScreenShots-TerminalView.png */,
				D0AE298223E0AFA30087CA92 /* ScreenShots-PortSelector.png */,
				D06A8FE823E4054B00232FE4 /* ScreenShots-PlotViews.png */,
			);
			path = ScreenShots;
			sourceTree = "<group>";
		};
/* End PBXGroup section */

/* Begin PBXNativeTarget section */
		D069647F23E029D600D2E39B /* Terminal */ = {
			isa = PBXNativeTarget;
			buildConfigurationList = D069648E23E029D600D2E39B /* Build configuration list for PBXNativeTarget "Terminal" */;
			buildPhases = (
				D069647C23E029D600D2E39B /* Sources */,
				D069647D23E029D600D2E39B /* Frameworks */,
				D069647E23E029D600D2E39B /* Resources */,
			);
			buildRules = (
			);
			dependencies = (
				D06964AB23E041E900D2E39B /* PBXTargetDependency */,
			);
			name = Terminal;
			productName = Terminal;
			productReference = D069648023E029D600D2E39B /* Terminal.app */;
			productType = "com.apple.product-type.application";
		};
/* End PBXNativeTarget section */

/* Begin PBXProject section */
		D069647823E029D600D2E39B /* Project object */ = {
			isa = PBXProject;
			attributes = {
				LastSwiftUpdateCheck = 0940;
				LastUpgradeCheck = 0940;
				ORGANIZATIONNAME = "钱晨";
				TargetAttributes = {
					D069647F23E029D600D2E39B = {
						CreatedOnToolsVersion = 9.4.1;
					};
				};
			};
			buildConfigurationList = D069647B23E029D600D2E39B /* Build configuration list for PBXProject "Terminal" */;
			compatibilityVersion = "Xcode 9.3";
			developmentRegion = en;
			hasScannedForEncodings = 0;
			knownRegions = (
				en,
				Base,
			);
			mainGroup = D069647723E029D600D2E39B;
			productRefGroup = D069648123E029D600D2E39B /* Products */;
			projectDirPath = "";
			projectReferences = (
				{
					ProductGroup = D06964A223E041DF00D2E39B /* Products */;
					ProjectRef = D06964A123E041DF00D2E39B /* ORSSerialPort.xcodeproj */;
				},
			);
			projectRoot = "";
			targets = (
				D069647F23E029D600D2E39B /* Terminal */,
			);
		};
/* End PBXProject section */

/* Begin PBXReferenceProxy section */
		D06964A723E041DF00D2E39B /* ORSSerial.framework */ = {
			isa = PBXReferenceProxy;
			fileType = wrapper.framework;
			path = ORSSerial.framework;
			remoteRef = D06964A623E041DF00D2E39B /* PBXContainerItemProxy */;
			sourceTree = BUILT_PRODUCTS_DIR;
		};
		D06964A923E041DF00D2E39B /* ORSSerialPort Tests.xctest */ = {
			isa = PBXReferenceProxy;
			fileType = wrapper.cfbundle;
			path = "ORSSerialPort Tests.xctest";
			remoteRef = D06964A823E041DF00D2E39B /* PBXContainerItemProxy */;
			sourceTree = BUILT_PRODUCTS_DIR;
		};
/* End PBXReferenceProxy section */

/* Begin PBXResourcesBuildPhase section */
		D069647E23E029D600D2E39B /* Resources */ = {
			isa = PBXResourcesBuildPhase;
			buildActionMask = 2147483647;
			files = (
				D069649D23E02FAC00D2E39B /* Icon-Gimbal.png in Resources */,
				D069648623E029D600D2E39B /* Assets.xcassets in Resources */,
				D069649C23E02FAC00D2E39B /* Icon-chassis.png in Resources */,
				D0AE298323E0AFA30087CA92 /* ScreenShots-PortSelector.png in Resources */,
				D0AE298123E0AF960087CA92 /* ScreenShots-TerminalView.png in Resources */,
				D069648923E029D600D2E39B /* MainMenu.xib in Resources */,
				D069649E23E02FAC00D2E39B /* Icon-Terminal.tiff in Resources */,
				D04D497623E0A90B00C8510C /* Meta_terminal.icns in Resources */,
			);
			runOnlyForDeploymentPostprocessing = 0;
		};
/* End PBXResourcesBuildPhase section */

/* Begin PBXSourcesBuildPhase section */
		D069647C23E029D600D2E39B /* Sources */ = {
			isa = PBXSourcesBuildPhase;
			buildActionMask = 2147483647;
			files = (
				D059372D23E29BBB00B530B0 /* PlotChart.swift in Sources */,
				D0D10E7C23E54CD900BCD73A /* GimbalTargetTableView.swift in Sources */,
				D0FAB60523E5F98E00A985AA /* PIDnEvaluateTableView.swift in Sources */,
				D069648423E029D600D2E39B /* AppDelegate.swift in Sources */,
			);
			runOnlyForDeploymentPostprocessing = 0;
		};
/* End PBXSourcesBuildPhase section */

/* Begin PBXTargetDependency section */
		D06964AB23E041E900D2E39B /* PBXTargetDependency */ = {
			isa = PBXTargetDependency;
			name = ORSSerial;
			targetProxy = D06964AA23E041E900D2E39B /* PBXContainerItemProxy */;
		};
/* End PBXTargetDependency section */

/* Begin PBXVariantGroup section */
		D069648723E029D600D2E39B /* MainMenu.xib */ = {
			isa = PBXVariantGroup;
			children = (
				D069648823E029D600D2E39B /* Base */,
			);
			name = MainMenu.xib;
			sourceTree = "<group>";
		};
/* End PBXVariantGroup section */

/* Begin XCBuildConfiguration section */
		D069648C23E029D600D2E39B /* Debug */ = {
			isa = XCBuildConfiguration;
			buildSettings = {
				ALWAYS_SEARCH_USER_PATHS = NO;
				CLANG_ANALYZER_NONNULL = YES;
				CLANG_ANALYZER_NUMBER_OBJECT_CONVERSION = YES_AGGRESSIVE;
				CLANG_CXX_LANGUAGE_STANDARD = "gnu++14";
				CLANG_CXX_LIBRARY = "libc++";
				CLANG_ENABLE_MODULES = YES;
				CLANG_ENABLE_OBJC_ARC = YES;
				CLANG_ENABLE_OBJC_WEAK = YES;
				CLANG_WARN_BLOCK_CAPTURE_AUTORELEASING = YES;
				CLANG_WARN_BOOL_CONVERSION = YES;
				CLANG_WARN_COMMA = YES;
				CLANG_WARN_CONSTANT_CONVERSION = YES;
				CLANG_WARN_DEPRECATED_OBJC_IMPLEMENTATIONS = YES;
				CLANG_WARN_DIRECT_OBJC_ISA_USAGE = YES_ERROR;
				CLANG_WARN_DOCUMENTATION_COMMENTS = YES;
				CLANG_WARN_EMPTY_BODY = YES;
				CLANG_WARN_ENUM_CONVERSION = YES;
				CLANG_WARN_INFINITE_RECURSION = YES;
				CLANG_WARN_INT_CONVERSION = YES;
				CLANG_WARN_NON_LITERAL_NULL_CONVERSION = YES;
				CLANG_WARN_OBJC_IMPLICIT_RETAIN_SELF = YES;
				CLANG_WARN_OBJC_LITERAL_CONVERSION = YES;
				CLANG_WARN_OBJC_ROOT_CLASS = YES_ERROR;
				CLANG_WARN_RANGE_LOOP_ANALYSIS = YES;
				CLANG_WARN_STRICT_PROTOTYPES = YES;
				CLANG_WARN_SUSPICIOUS_MOVE = YES;
				CLANG_WARN_UNGUARDED_AVAILABILITY = YES_AGGRESSIVE;
				CLANG_WARN_UNREACHABLE_CODE = YES;
				CLANG_WARN__DUPLICATE_METHOD_MATCH = YES;
				CODE_SIGN_IDENTITY = "Mac Developer";
				COPY_PHASE_STRIP = NO;
				DEBUG_INFORMATION_FORMAT = dwarf;
				ENABLE_STRICT_OBJC_MSGSEND = YES;
				ENABLE_TESTABILITY = YES;
				GCC_C_LANGUAGE_STANDARD = gnu11;
				GCC_DYNAMIC_NO_PIC = NO;
				GCC_NO_COMMON_BLOCKS = YES;
				GCC_OPTIMIZATION_LEVEL = 0;
				GCC_PREPROCESSOR_DEFINITIONS = (
					"DEBUG=1",
					"$(inherited)",
				);
				GCC_WARN_64_TO_32_BIT_CONVERSION = YES;
				GCC_WARN_ABOUT_RETURN_TYPE = YES_ERROR;
				GCC_WARN_UNDECLARED_SELECTOR = YES;
				GCC_WARN_UNINITIALIZED_AUTOS = YES_AGGRESSIVE;
				GCC_WARN_UNUSED_FUNCTION = YES;
				GCC_WARN_UNUSED_VARIABLE = YES;
				MACOSX_DEPLOYMENT_TARGET = 10.13;
				MTL_ENABLE_DEBUG_INFO = YES;
				ONLY_ACTIVE_ARCH = YES;
				SDKROOT = macosx;
				SWIFT_ACTIVE_COMPILATION_CONDITIONS = DEBUG;
				SWIFT_OPTIMIZATION_LEVEL = "-Onone";
			};
			name = Debug;
		};
		D069648D23E029D600D2E39B /* Release */ = {
			isa = XCBuildConfiguration;
			buildSettings = {
				ALWAYS_SEARCH_USER_PATHS = NO;
				CLANG_ANALYZER_NONNULL = YES;
				CLANG_ANALYZER_NUMBER_OBJECT_CONVERSION = YES_AGGRESSIVE;
				CLANG_CXX_LANGUAGE_STANDARD = "gnu++14";
				CLANG_CXX_LIBRARY = "libc++";
				CLANG_ENABLE_MODULES = YES;
				CLANG_ENABLE_OBJC_ARC = YES;
				CLANG_ENABLE_OBJC_WEAK = YES;
				CLANG_WARN_BLOCK_CAPTURE_AUTORELEASING = YES;
				CLANG_WARN_BOOL_CONVERSION = YES;
				CLANG_WARN_COMMA = YES;
				CLANG_WARN_CONSTANT_CONVERSION = YES;
				CLANG_WARN_DEPRECATED_OBJC_IMPLEMENTATIONS = YES;
				CLANG_WARN_DIRECT_OBJC_ISA_USAGE = YES_ERROR;
				CLANG_WARN_DOCUMENTATION_COMMENTS = YES;
				CLANG_WARN_EMPTY_BODY = YES;
				CLANG_WARN_ENUM_CONVERSION = YES;
				CLANG_WARN_INFINITE_RECURSION = YES;
				CLANG_WARN_INT_CONVERSION = YES;
				CLANG_WARN_NON_LITERAL_NULL_CONVERSION = YES;
				CLANG_WARN_OBJC_IMPLICIT_RETAIN_SELF = YES;
				CLANG_WARN_OBJC_LITERAL_CONVERSION = YES;
				CLANG_WARN_OBJC_ROOT_CLASS = YES_ERROR;
				CLANG_WARN_RANGE_LOOP_ANALYSIS = YES;
				CLANG_WARN_STRICT_PROTOTYPES = YES;
				CLANG_WARN_SUSPICIOUS_MOVE = YES;
				CLANG_WARN_UNGUARDED_AVAILABILITY = YES_AGGRESSIVE;
				CLANG_WARN_UNREACHABLE_CODE = YES;
				CLANG_WARN__DUPLICATE_METHOD_MATCH = YES;
				CODE_SIGN_IDENTITY = "Mac Developer";
				COPY_PHASE_STRIP = NO;
				DEBUG_INFORMATION_FORMAT = "dwarf-with-dsym";
				ENABLE_NS_ASSERTIONS = NO;
				ENABLE_STRICT_OBJC_MSGSEND = YES;
				GCC_C_LANGUAGE_STANDARD = gnu11;
				GCC_NO_COMMON_BLOCKS = YES;
				GCC_WARN_64_TO_32_BIT_CONVERSION = YES;
				GCC_WARN_ABOUT_RETURN_TYPE = YES_ERROR;
				GCC_WARN_UNDECLARED_SELECTOR = YES;
				GCC_WARN_UNINITIALIZED_AUTOS = YES_AGGRESSIVE;
				GCC_WARN_UNUSED_FUNCTION = YES;
				GCC_WARN_UNUSED_VARIABLE = YES;
				MACOSX_DEPLOYMENT_TARGET = 10.13;
				MTL_ENABLE_DEBUG_INFO = NO;
				SDKROOT = macosx;
				SWIFT_COMPILATION_MODE = wholemodule;
				SWIFT_OPTIMIZATION_LEVEL = "-O";
			};
			name = Release;
		};
		D069648F23E029D600D2E39B /* Debug */ = {
			isa = XCBuildConfiguration;
			buildSettings = {
				ASSETCATALOG_COMPILER_APPICON_NAME = AppIcon;
				CODE_SIGN_ENTITLEMENTS = Terminal/Terminal.entitlements;
				CODE_SIGN_IDENTITY = "Mac Developer";
				CODE_SIGN_STYLE = Automatic;
				COMBINE_HIDPI_IMAGES = YES;
				DEVELOPMENT_TEAM = S8386U5CPV;
				INFOPLIST_FILE = Terminal/Info.plist;
				LD_RUNPATH_SEARCH_PATHS = (
					"$(inherited)",
					"@executable_path/../Frameworks",
				);
				PRODUCT_BUNDLE_IDENTIFIER = Meta.Terminal;
				PRODUCT_NAME = "$(TARGET_NAME)";
				PROVISIONING_PROFILE = "";
				PROVISIONING_PROFILE_SPECIFIER = "";
				SWIFT_VERSION = 4.0;
			};
			name = Debug;
		};
		D069649023E029D600D2E39B /* Release */ = {
			isa = XCBuildConfiguration;
			buildSettings = {
				ASSETCATALOG_COMPILER_APPICON_NAME = AppIcon;
				CODE_SIGN_ENTITLEMENTS = Terminal/Terminal.entitlements;
				CODE_SIGN_IDENTITY = "Mac Developer";
				CODE_SIGN_STYLE = Automatic;
				COMBINE_HIDPI_IMAGES = YES;
				DEVELOPMENT_TEAM = S8386U5CPV;
				INFOPLIST_FILE = Terminal/Info.plist;
				LD_RUNPATH_SEARCH_PATHS = (
					"$(inherited)",
					"@executable_path/../Frameworks",
				);
				PRODUCT_BUNDLE_IDENTIFIER = Meta.Terminal;
				PRODUCT_NAME = "$(TARGET_NAME)";
				PROVISIONING_PROFILE = "";
				PROVISIONING_PROFILE_SPECIFIER = "";
				SWIFT_VERSION = 4.0;
			};
			name = Release;
		};
/* End XCBuildConfiguration section */

/* Begin XCConfigurationList section */
		D069647B23E029D600D2E39B /* Build configuration list for PBXProject "Terminal" */ = {
			isa = XCConfigurationList;
			buildConfigurations = (
				D069648C23E029D600D2E39B /* Debug */,
				D069648D23E029D600D2E39B /* Release */,
			);
			defaultConfigurationIsVisible = 0;
			defaultConfigurationName = Release;
		};
		D069648E23E029D600D2E39B /* Build configuration list for PBXNativeTarget "Terminal" */ = {
			isa = XCConfigurationList;
			buildConfigurations = (
				D069648F23E029D600D2E39B /* Debug */,
				D069649023E029D600D2E39B /* Release */,
			);
			defaultConfigurationIsVisible = 0;
			defaultConfigurationName = Release;
		};
/* End XCConfigurationList section */
	};
	rootObject = D069647823E029D600D2E39B /* Project object */;
}
